
Microsoft Visual Studio Solution File, Format Version 12.00
# Visual Studio Version 16
VisualStudioVersion = 16.0.30114.105
MinimumVisualStudioVersion = 10.0.40219.1
Project("{FAE04EC0-301F-11D3-BF4B-00C04F79EFBC}") = "MyShop.Core", "MyShop.Core\MyShop.Core.csproj", "{B009DABA-CC44-45B0-8F63-F536DDE08FC1}"
EndProject
Project("{FAE04EC0-301F-11D3-BF4B-00C04F79EFBC}") = "MyShop.Services", "MyShop.Services\MyShop.Services.csproj", "{C8A82942-7225-49FC-AEFA-9D3A73209719}"
EndProject
Project("{FAE04EC0-301F-11D3-BF4B-00C04F79EFBC}") = "MyShop.DataAccess.SQL", "MyShop.DataAccess.SQL\MyShop.DataAccess.SQL.csproj", "{C3644A1E-EC7B-4D08-9CF6-D6C71062F289}"
EndProject
Project("{FAE04EC0-301F-11D3-BF4B-00C04F79EFBC}") = "MyShop.DataAccess.InMemory", "MyShop.DataAccess.InMemory\MyShop.DataAccess.InMemory.csproj", "{95FFE124-A971-4A0C-9E5D-87AD395B0F9F}"
EndProject
Project("{FAE04EC0-301F-11D3-BF4B-00C04F79EFBC}") = "MyShop.WebUI", "MyShop.WebUI\MyShop.WebUI.csproj", "{478EA384-BB01-4331-BF17-D94BF9E8E3AF}"
EndProject
Project("{FAE04EC0-301F-11D3-BF4B-00C04F79EFBC}") = "MyShop.WebUI.Tests", "MyShop.WebUI.Tests\MyShop.WebUI.Tests.csproj", "{65C16255-3F4C-4D60-A534-C6E5E6659F2B}"
EndProject
Global
	GlobalSection(SolutionConfigurationPlatforms) = preSolution
		Debug|Any CPU = Debug|Any CPU
		Release|Any CPU = Release|Any CPU
	EndGlobalSection
	GlobalSection(ProjectConfigurationPlatforms) = postSolution
		{B009DABA-CC44-45B0-8F63-F536DDE08FC1}.Debug|Any CPU.ActiveCfg = Debug|Any CPU
		{B009DABA-CC44-45B0-8F63-F536DDE08FC1}.Debug|Any CPU.Build.0 = Debug|Any CPU
		{B009DABA-CC44-45B0-8F63-F536DDE08FC1}.Release|Any CPU.ActiveCfg = Release|Any CPU
		{B009DABA-CC44-45B0-8F63-F536DDE08FC1}.Release|Any CPU.Build.0 = Release|Any CPU
		{C8A82942-7225-49FC-AEFA-9D3A73209719}.Debug|Any CPU.ActiveCfg = Debug|Any CPU
		{C8A82942-7225-49FC-AEFA-9D3A73209719}.Debug|Any CPU.Build.0 = Debug|Any CPU
		{C8A82942-7225-49FC-AEFA-9D3A73209719}.Release|Any CPU.ActiveCfg = Release|Any CPU
		{C8A82942-7225-49FC-AEFA-9D3A73209719}.Release|Any CPU.Build.0 = Release|Any CPU
		{C3644A1E-EC7B-4D08-9CF6-D6C71062F289}.Debug|Any CPU.ActiveCfg = Debug|Any CPU
		{C3644A1E-EC7B-4D08-9CF6-D6C71062F289}.Debug|Any CPU.Build.0 = Debug|Any CPU
		{C3644A1E-EC7B-4D08-9CF6-D6C71062F289}.Release|Any CPU.ActiveCfg = Release|Any CPU
		{C3644A1E-EC7B-4D08-9CF6-D6C71062F289}.Release|Any CPU.Build.0 = Release|Any CPU
		{95FFE124-A971-4A0C-9E5D-87AD395B0F9F}.Debug|Any CPU.ActiveCfg = Debug|Any CPU
		{95FFE124-A971-4A0C-9E5D-87AD395B0F9F}.Debug|Any CPU.Build.0 = Debug|Any CPU
		{95FFE124-A971-4A0C-9E5D-87AD395B0F9F}.Release|Any CPU.ActiveCfg = Release|Any CPU
		{95FFE124-A971-4A0C-9E5D-87AD395B0F9F}.Release|Any CPU.Build.0 = Release|Any CPU
		{478EA384-BB01-4331-BF17-D94BF9E8E3AF}.Debug|Any CPU.ActiveCfg = Debug|Any CPU
		{478EA384-BB01-4331-BF17-D94BF9E8E3AF}.Debug|Any CPU.Build.0 = Debug|Any CPU
		{478EA384-BB01-4331-BF17-D94BF9E8E3AF}.Release|Any CPU.ActiveCfg = Release|Any CPU
		{478EA384-BB01-4331-BF17-D94BF9E8E3AF}.Release|Any CPU.Build.0 = Release|Any CPU
		{65C16255-3F4C-4D60-A534-C6E5E6659F2B}.Debug|Any CPU.ActiveCfg = Debug|Any CPU
		{65C16255-3F4C-4D60-A534-C6E5E6659F2B}.Debug|Any CPU.Build.0 = Debug|Any CPU
		{65C16255-3F4C-4D60-A534-C6E5E6659F2B}.Release|Any CPU.ActiveCfg = Release|Any CPU
		{65C16255-3F4C-4D60-A534-C6E5E6659F2B}.Release|Any CPU.Build.0 = Release|Any CPU
	EndGlobalSection
	GlobalSection(SolutionProperties) = preSolution
		HideSolutionNode = FALSE
	EndGlobalSection
	GlobalSection(ExtensibilityGlobals) = postSolution
		SolutionGuid = {E2E8BECB-0D5C-4F16-9A8C-9398CB8742B6}
	EndGlobalSection
EndGlobal
